# This file is automatically @generated by Cargo.
# It is not intended for manual editing.
version = 3

[[package]]
name = "hid-joy"
version = "0.1.0"
dependencies = [
 "hidraw",
]

[[package]]
name = "hidraw"
version = "0.0.7"
source = "registry+https://github.com/rust-lang/crates.io-index"
checksum = "9b1db3f1b499bdb3d7582387866ed3581be882c4fbf369d23790eb4f153ba587"
dependencies = [
 "hidraw-sys",
 "libc",
 "paste",
]

[[package]]
name = "hidraw-sys"
version = "0.0.6"
source = "registry+https://github.com/rust-lang/crates.io-index"
checksum = "eed6ba9e9b379314e62a1f90450a3b3caf9bbb49d300efde90f4f3c681477529"
dependencies = [
 "ioctl-macro",
]

[[package]]
name = "ioctl-macro"
version = "0.0.2"
source = "registry+https://github.com/rust-lang/crates.io-index"
checksum = "cdec1ce449a021ee01e0130978324dd6015c3ea63f6e1371883b43fbba527d21"

[[package]]
name = "libc"
version = "0.2.155"
source = "registry+https://github.com/rust-lang/crates.io-index"
checksum = "97b3888a4aecf77e811145cadf6eef5901f4782c53886191b2f693f24761847c"

[[package]]
name = "paste"
version = "1.0.15"
source = "registry+https://github.com/rust-lang/crates.io-index"
checksum = "57c0d7b74b563b49d38dae00a0c37d4d6de9b432382b2892f0574ddcae73fd0a"
